
Microsoft Visual Studio Solution File, Format Version 12.00
# Visual Studio Version 16
VisualStudioVersion = 16.0.31424.327
MinimumVisualStudioVersion = 10.0.40219.1
Project("{FAE04EC0-301F-11D3-BF4B-00C04F79EFBC}") = "Esercitazione1_FormeGeometriche", "Esercitazione1_FormeGeometriche\Esercitazione1_FormeGeometriche.csproj", "{3BF540EC-BDEE-4641-AEA3-2C575F49B6F3}"
EndProject
Global
	GlobalSection(SolutionConfigurationPlatforms) = preSolution
		Debug|Any CPU = Debug|Any CPU
		Release|Any CPU = Release|Any CPU
	EndGlobalSection
	GlobalSection(ProjectConfigurationPlatforms) = postSolution
		{3BF540EC-BDEE-4641-AEA3-2C575F49B6F3}.Debug|Any CPU.ActiveCfg = Debug|Any CPU
		{3BF540EC-BDEE-4641-AEA3-2C575F49B6F3}.Debug|Any CPU.Build.0 = Debug|Any CPU
		{3BF540EC-BDEE-4641-AEA3-2C575F49B6F3}.Release|Any CPU.ActiveCfg = Release|Any CPU
		{3BF540EC-BDEE-4641-AEA3-2C575F49B6F3}.Release|Any CPU.Build.0 = Release|Any CPU
	EndGlobalSection
	GlobalSection(SolutionProperties) = preSolution
		HideSolutionNode = FALSE
	EndGlobalSection
	GlobalSection(ExtensibilityGlobals) = postSolution
		SolutionGuid = {BDF39BB1-0FE1-472D-8814-7D53E8D60E00}
	EndGlobalSection
EndGlobal
